
Microsoft Visual Studio Solution File, Format Version 12.00
# Visual Studio 15
VisualStudioVersion = 15.0.28307.1062
MinimumVisualStudioVersion = 10.0.40219.1
Project("{9092AA53-FB77-4645-B42D-1CCCA6BD08BD}") = "WebHackApp", "WebHackApp\WebHackApp.njsproj", "{93CD28C3-32EE-4F79-A4AF-1D1E67C93B8C}"
EndProject
Global
	GlobalSection(SolutionConfigurationPlatforms) = preSolution
		Debug|Any CPU = Debug|Any CPU
		Release|Any CPU = Release|Any CPU
	EndGlobalSection
	GlobalSection(ProjectConfigurationPlatforms) = postSolution
		{93CD28C3-32EE-4F79-A4AF-1D1E67C93B8C}.Debug|Any CPU.ActiveCfg = Debug|Any CPU
		{93CD28C3-32EE-4F79-A4AF-1D1E67C93B8C}.Debug|Any CPU.Build.0 = Debug|Any CPU
		{93CD28C3-32EE-4F79-A4AF-1D1E67C93B8C}.Release|Any CPU.ActiveCfg = Release|Any CPU
		{93CD28C3-32EE-4F79-A4AF-1D1E67C93B8C}.Release|Any CPU.Build.0 = Release|Any CPU
	EndGlobalSection
	GlobalSection(SolutionProperties) = preSolution
		HideSolutionNode = FALSE
	EndGlobalSection
	GlobalSection(ExtensibilityGlobals) = postSolution
		SolutionGuid = {AA38FE57-80FF-4898-88B7-33A041E838AD}
	EndGlobalSection
EndGlobal
